// !$*UTF8*$!
{
	archiveVersion = 1;
	classes = {
	};
	objectVersion = 46;
	objects = {

/* Begin PBXBuildFile section */
		211F2EAF17AD44CB0011A773 /* UIKit.framework in Frameworks */ = {isa = PBXBuildFile; fileRef = 211F2EAE17AD44CB0011A773 /* UIKit.framework */; };
		211F2EB117AD44CB0011A773 /* Foundation.framework in Frameworks */ = {isa = PBXBuildFile; fileRef = 211F2EB017AD44CB0011A773 /* Foundation.framework */; };
		211F2EB317AD44CB0011A773 /* CoreGraphics.framework in Frameworks */ = {isa = PBXBuildFile; fileRef = 211F2EB217AD44CB0011A773 /* CoreGraphics.framework */; };
		211F2EB917AD44CB0011A773 /* InfoPlist.strings in Resources */ = {isa = PBXBuildFile; fileRef = 211F2EB717AD44CB0011A773 /* InfoPlist.strings */; };
		211F2EBB17AD44CB0011A773 /* main.m in Sources */ = {isa = PBXBuildFile; fileRef = 211F2EBA17AD44CB0011A773 /* main.m */; };
		211F2EBF17AD44CB0011A773 /* AppDelegate.m in Sources */ = {isa = PBXBuildFile; fileRef = 211F2EBE17AD44CB0011A773 /* AppDelegate.m */; };
		211F2EC117AD44CB0011A773 /* Default.png in Resources */ = {isa = PBXBuildFile; fileRef = 211F2EC017AD44CB0011A773 /* Default.png */; };
		211F2EC317AD44CB0011A773 /* Default@2x.png in Resources */ = {isa = PBXBuildFile; fileRef = 211F2EC217AD44CB0011A773 /* Default@2x.png */; };
		211F2EC517AD44CB0011A773 /* Default-568h@2x.png in Resources */ = {isa = PBXBuildFile; fileRef = 211F2EC417AD44CB0011A773 /* Default-568h@2x.png */; };
		211F2EC817AD44CB0011A773 /* ViewController.m in Sources */ = {isa = PBXBuildFile; fileRef = 211F2EC717AD44CB0011A773 /* ViewController.m */; };
		211F2ECB17AD44CB0011A773 /* ViewController.xib in Resources */ = {isa = PBXBuildFile; fileRef = 211F2EC917AD44CB0011A773 /* ViewController.xib */; };
		211F2ED217AD45680011A773 /* empresas.plist in Resources */ = {isa = PBXBuildFile; fileRef = 211F2ED117AD45680011A773 /* empresas.plist */; };
		211F2ED517AD46E80011A773 /* Empresas.m in Sources */ = {isa = PBXBuildFile; fileRef = 211F2ED417AD46E80011A773 /* Empresas.m */; };
/* End PBXBuildFile section */

/* Begin PBXFileReference section */
		211F2EAB17AD44CB0011A773 /* EmpresaTableView.app */ = {isa = PBXFileReference; explicitFileType = wrapper.application; includeInIndex = 0; path = EmpresaTableView.app; sourceTree = BUILT_PRODUCTS_DIR; };
		211F2EAE17AD44CB0011A773 /* UIKit.framework */ = {isa = PBXFileReference; lastKnownFileType = wrapper.framework; name = UIKit.framework; path = System/Library/Frameworks/UIKit.framework; sourceTree = SDKROOT; };
		211F2EB017AD44CB0011A773 /* Foundation.framework */ = {isa = PBXFileReference; lastKnownFileType = wrapper.framework; name = Foundation.framework; path = System/Library/Frameworks/Foundation.framework; sourceTree = SDKROOT; };
		211F2EB217AD44CB0011A773 /* CoreGraphics.framework */ = {isa = PBXFileReference; lastKnownFileType = wrapper.framework; name = CoreGraphics.framework; path = System/Library/Frameworks/CoreGraphics.framework; sourceTree = SDKROOT; };
		211F2EB617AD44CB0011A773 /* EmpresaTableView-Info.plist */ = {isa = PBXFileReference; lastKnownFileType = text.plist.xml; path = "EmpresaTableView-Info.plist"; sourceTree = "<group>"; };
		211F2EB817AD44CB0011A773 /* en */ = {isa = PBXFileReference; lastKnownFileType = text.plist.strings; name = en; path = en.lproj/InfoPlist.strings; sourceTree = "<group>"; };
		211F2EBA17AD44CB0011A773 /* main.m */ = {isa = PBXFileReference; lastKnownFileType = sourcecode.c.objc; path = main.m; sourceTree = "<group>"; };
		211F2EBC17AD44CB0011A773 /* EmpresaTableView-Prefix.pch */ = {isa = PBXFileReference; lastKnownFileType = sourcecode.c.h; path = "EmpresaTableView-Prefix.pch"; sourceTree = "<group>"; };
		211F2EBD17AD44CB0011A773 /* AppDelegate.h */ = {isa = PBXFileReference; lastKnownFileType = sourcecode.c.h; path = AppDelegate.h; sourceTree = "<group>"; };
		211F2EBE17AD44CB0011A773 /* AppDelegate.m */ = {isa = PBXFileReference; lastKnownFileType = sourcecode.c.objc; path = AppDelegate.m; sourceTree = "<group>"; };
		211F2EC017AD44CB0011A773 /* Default.png */ = {isa = PBXFileReference; lastKnownFileType = image.png; path = Default.png; sourceTree = "<group>"; };
		211F2EC217AD44CB0011A773 /* Default@2x.png */ = {isa = PBXFileReference; lastKnownFileType = image.png; path = "Default@2x.png"; sourceTree = "<group>"; };
		211F2EC417AD44CB0011A773 /* Default-568h@2x.png */ = {isa = PBXFileReference; lastKnownFileType = image.png; path = "Default-568h@2x.png"; sourceTree = "<group>"; };
		211F2EC617AD44CB0011A773 /* ViewController.h */ = {isa = PBXFileReference; lastKnownFileType = sourcecode.c.h; path = ViewController.h; sourceTree = "<group>"; };
		211F2EC717AD44CB0011A773 /* ViewController.m */ = {isa = PBXFileReference; lastKnownFileType = sourcecode.c.objc; path = ViewController.m; sourceTree = "<group>"; };
		211F2ECA17AD44CB0011A773 /* en */ = {isa = PBXFileReference; lastKnownFileType = file.xib; name = en; path = en.lproj/ViewController.xib; sourceTree = "<group>"; };
		211F2ED117AD45680011A773 /* empresas.plist */ = {isa = PBXFileReference; fileEncoding = 4; lastKnownFileType = text.plist.xml; path = empresas.plist; sourceTree = "<group>"; };
		211F2ED317AD46E80011A773 /* Empresas.h */ = {isa = PBXFileReference; fileEncoding = 4; lastKnownFileType = sourcecode.c.h; path = Empresas.h; sourceTree = "<group>"; };
		211F2ED417AD46E80011A773 /* Empresas.m */ = {isa = PBXFileReference; fileEncoding = 4; lastKnownFileType = sourcecode.c.objc; path = Empresas.m; sourceTree = "<group>"; };
/* End PBXFileReference section */

/* Begin PBXFrameworksBuildPhase section */
		211F2EA817AD44CB0011A773 /* Frameworks */ = {
			isa = PBXFrameworksBuildPhase;
			buildActionMask = 2147483647;
			files = (
				211F2EAF17AD44CB0011A773 /* UIKit.framework in Frameworks */,
				211F2EB117AD44CB0011A773 /* Foundation.framework in Frameworks */,
				211F2EB317AD44CB0011A773 /* CoreGraphics.framework in Frameworks */,
			);
			runOnlyForDeploymentPostprocessing = 0;
		};
/* End PBXFrameworksBuildPhase section */

/* Begin PBXGroup section */
		211F2EA217AD44CB0011A773 = {
			isa = PBXGroup;
			children = (
				211F2EB417AD44CB0011A773 /* EmpresaTableView */,
				211F2EAD17AD44CB0011A773 /* Frameworks */,
				211F2EAC17AD44CB0011A773 /* Products */,
			);
			sourceTree = "<group>";
		};
		211F2EAC17AD44CB0011A773 /* Products */ = {
			isa = PBXGroup;
			children = (
				211F2EAB17AD44CB0011A773 /* EmpresaTableView.app */,
			);
			name = Products;
			sourceTree = "<group>";
		};
		211F2EAD17AD44CB0011A773 /* Frameworks */ = {
			isa = PBXGroup;
			children = (
				211F2EAE17AD44CB0011A773 /* UIKit.framework */,
				211F2EB017AD44CB0011A773 /* Foundation.framework */,
				211F2EB217AD44CB0011A773 /* CoreGraphics.framework */,
			);
			name = Frameworks;
			sourceTree = "<group>";
		};
		211F2EB417AD44CB0011A773 /* EmpresaTableView */ = {
			isa = PBXGroup;
			children = (
				211F2EBD17AD44CB0011A773 /* AppDelegate.h */,
				211F2EBE17AD44CB0011A773 /* AppDelegate.m */,
				211F2EC617AD44CB0011A773 /* ViewController.h */,
				211F2EC717AD44CB0011A773 /* ViewController.m */,
				211F2EC917AD44CB0011A773 /* ViewController.xib */,
				211F2ED117AD45680011A773 /* empresas.plist */,
				211F2EB517AD44CB0011A773 /* Supporting Files */,
				211F2ED317AD46E80011A773 /* Empresas.h */,
				211F2ED417AD46E80011A773 /* Empresas.m */,
			);
			path = EmpresaTableView;
			sourceTree = "<group>";
		};
		211F2EB517AD44CB0011A773 /* Supporting Files */ = {
			isa = PBXGroup;
			children = (
				211F2EB617AD44CB0011A773 /* EmpresaTableView-Info.plist */,
				211F2EB717AD44CB0011A773 /* InfoPlist.strings */,
				211F2EBA17AD44CB0011A773 /* main.m */,
				211F2EBC17AD44CB0011A773 /* EmpresaTableView-Prefix.pch */,
				211F2EC017AD44CB0011A773 /* Default.png */,
				211F2EC217AD44CB0011A773 /* Default@2x.png */,
				211F2EC417AD44CB0011A773 /* Default-568h@2x.png */,
			);
			name = "Supporting Files";
			sourceTree = "<group>";
		};
/* End PBXGroup section */

/* Begin PBXNativeTarget section */
		211F2EAA17AD44CB0011A773 /* EmpresaTableView */ = {
			isa = PBXNativeTarget;
			buildConfigurationList = 211F2ECE17AD44CB0011A773 /* Build configuration list for PBXNativeTarget "EmpresaTableView" */;
			buildPhases = (
				211F2EA717AD44CB0011A773 /* Sources */,
				211F2EA817AD44CB0011A773 /* Frameworks */,
				211F2EA917AD44CB0011A773 /* Resources */,
			);
			buildRules = (
			);
			dependencies = (
			);
			name = EmpresaTableView;
			productName = EmpresaTableView;
			productReference = 211F2EAB17AD44CB0011A773 /* EmpresaTableView.app */;
			productType = "com.apple.product-type.application";
		};
/* End PBXNativeTarget section */

/* Begin PBXProject section */
		211F2EA317AD44CB0011A773 /* Project object */ = {
			isa = PBXProject;
			attributes = {
				LastUpgradeCheck = 0460;
				ORGANIZATIONNAME = "Leonardo Freitas da Silva Pereira";
			};
			buildConfigurationList = 211F2EA617AD44CB0011A773 /* Build configuration list for PBXProject "EmpresaTableView" */;
			compatibilityVersion = "Xcode 3.2";
			developmentRegion = English;
			hasScannedForEncodings = 0;
			knownRegions = (
				en,
			);
			mainGroup = 211F2EA217AD44CB0011A773;
			productRefGroup = 211F2EAC17AD44CB0011A773 /* Products */;
			projectDirPath = "";
			projectRoot = "";
			targets = (
				211F2EAA17AD44CB0011A773 /* EmpresaTableView */,
			);
		};
/* End PBXProject section */

/* Begin PBXResourcesBuildPhase section */
		211F2EA917AD44CB0011A773 /* Resources */ = {
			isa = PBXResourcesBuildPhase;
			buildActionMask = 2147483647;
			files = (
				211F2EB917AD44CB0011A773 /* InfoPlist.strings in Resources */,
				211F2EC117AD44CB0011A773 /* Default.png in Resources */,
				211F2EC317AD44CB0011A773 /* Default@2x.png in Resources */,
				211F2EC517AD44CB0011A773 /* Default-568h@2x.png in Resources */,
				211F2ECB17AD44CB0011A773 /* ViewController.xib in Resources */,
				211F2ED217AD45680011A773 /* empresas.plist in Resources */,
			);
			runOnlyForDeploymentPostprocessing = 0;
		};
/* End PBXResourcesBuildPhase section */

/* Begin PBXSourcesBuildPhase section */
		211F2EA717AD44CB0011A773 /* Sources */ = {
			isa = PBXSourcesBuildPhase;
			buildActionMask = 2147483647;
			files = (
				211F2EBB17AD44CB0011A773 /* main.m in Sources */,
				211F2EBF17AD44CB0011A773 /* AppDelegate.m in Sources */,
				211F2EC817AD44CB0011A773 /* ViewController.m in Sources */,
				211F2ED517AD46E80011A773 /* Empresas.m in Sources */,
			);
			runOnlyForDeploymentPostprocessing = 0;
		};
/* End PBXSourcesBuildPhase section */

/* Begin PBXVariantGroup section */
		211F2EB717AD44CB0011A773 /* InfoPlist.strings */ = {
			isa = PBXVariantGroup;
			children = (
				211F2EB817AD44CB0011A773 /* en */,
			);
			name = InfoPlist.strings;
			sourceTree = "<group>";
		};
		211F2EC917AD44CB0011A773 /* ViewController.xib */ = {
			isa = PBXVariantGroup;
			children = (
				211F2ECA17AD44CB0011A773 /* en */,
			);
			name = ViewController.xib;
			sourceTree = "<group>";
		};
/* End PBXVariantGroup section */

/* Begin XCBuildConfiguration section */
		211F2ECC17AD44CB0011A773 /* Debug */ = {
			isa = XCBuildConfiguration;
			buildSettings = {
				ALWAYS_SEARCH_USER_PATHS = NO;
				CLANG_CXX_LANGUAGE_STANDARD = "gnu++0x";
				CLANG_CXX_LIBRARY = "libc++";
				CLANG_WARN_CONSTANT_CONVERSION = YES;
				CLANG_WARN_EMPTY_BODY = YES;
				CLANG_WARN_ENUM_CONVERSION = YES;
				CLANG_WARN_INT_CONVERSION = YES;
				CLANG_WARN__DUPLICATE_METHOD_MATCH = YES;
				"CODE_SIGN_IDENTITY[sdk=iphoneos*]" = "iPhone Developer";
				COPY_PHASE_STRIP = NO;
				GCC_C_LANGUAGE_STANDARD = gnu99;
				GCC_DYNAMIC_NO_PIC = NO;
				GCC_OPTIMIZATION_LEVEL = 0;
				GCC_PREPROCESSOR_DEFINITIONS = (
					"DEBUG=1",
					"$(inherited)",
				);
				GCC_SYMBOLS_PRIVATE_EXTERN = NO;
				GCC_WARN_ABOUT_RETURN_TYPE = YES;
				GCC_WARN_UNINITIALIZED_AUTOS = YES;
				GCC_WARN_UNUSED_VARIABLE = YES;
				IPHONEOS_DEPLOYMENT_TARGET = 6.1;
				ONLY_ACTIVE_ARCH = YES;
				SDKROOT = iphoneos;
			};
			name = Debug;
		};
		211F2ECD17AD44CB0011A773 /* Release */ = {
			isa = XCBuildConfiguration;
			buildSettings = {
				ALWAYS_SEARCH_USER_PATHS = NO;
				CLANG_CXX_LANGUAGE_STANDARD = "gnu++0x";
				CLANG_CXX_LIBRARY = "libc++";
				CLANG_WARN_CONSTANT_CONVERSION = YES;
				CLANG_WARN_EMPTY_BODY = YES;
				CLANG_WARN_ENUM_CONVERSION = YES;
				CLANG_WARN_INT_CONVERSION = YES;
				CLANG_WARN__DUPLICATE_METHOD_MATCH = YES;
				"CODE_SIGN_IDENTITY[sdk=iphoneos*]" = "iPhone Developer";
				COPY_PHASE_STRIP = YES;
				GCC_C_LANGUAGE_STANDARD = gnu99;
				GCC_WARN_ABOUT_RETURN_TYPE = YES;
				GCC_WARN_UNINITIALIZED_AUTOS = YES;
				GCC_WARN_UNUSED_VARIABLE = YES;
				IPHONEOS_DEPLOYMENT_TARGET = 6.1;
				OTHER_CFLAGS = "-DNS_BLOCK_ASSERTIONS=1";
				SDKROOT = iphoneos;
				VALIDATE_PRODUCT = YES;
			};
			name = Release;
		};
		211F2ECF17AD44CB0011A773 /* Debug */ = {
			isa = XCBuildConfiguration;
			buildSettings = {
				GCC_PRECOMPILE_PREFIX_HEADER = YES;
				GCC_PREFIX_HEADER = "EmpresaTableView/EmpresaTableView-Prefix.pch";
				INFOPLIST_FILE = "EmpresaTableView/EmpresaTableView-Info.plist";
				PRODUCT_NAME = "$(TARGET_NAME)";
				WRAPPER_EXTENSION = app;
			};
			name = Debug;
		};
		211F2ED017AD44CB0011A773 /* Release */ = {
			isa = XCBuildConfiguration;
			buildSettings = {
				GCC_PRECOMPILE_PREFIX_HEADER = YES;
				GCC_PREFIX_HEADER = "EmpresaTableView/EmpresaTableView-Prefix.pch";
				INFOPLIST_FILE = "EmpresaTableView/EmpresaTableView-Info.plist";
				PRODUCT_NAME = "$(TARGET_NAME)";
				WRAPPER_EXTENSION = app;
			};
			name = Release;
		};
/* End XCBuildConfiguration section */

/* Begin XCConfigurationList section */
		211F2EA617AD44CB0011A773 /* Build configuration list for PBXProject "EmpresaTableView" */ = {
			isa = XCConfigurationList;
			buildConfigurations = (
				211F2ECC17AD44CB0011A773 /* Debug */,
				211F2ECD17AD44CB0011A773 /* Release */,
			);
			defaultConfigurationIsVisible = 0;
			defaultConfigurationName = Release;
		};
		211F2ECE17AD44CB0011A773 /* Build configuration list for PBXNativeTarget "EmpresaTableView" */ = {
			isa = XCConfigurationList;
			buildConfigurations = (
				211F2ECF17AD44CB0011A773 /* Debug */,
				211F2ED017AD44CB0011A773 /* Release */,
			);
			defaultConfigurationIsVisible = 0;
			defaultConfigurationName = Release;
		};
/* End XCConfigurationList section */
	};
	rootObject = 211F2EA317AD44CB0011A773 /* Project object */;
}
